
Microsoft Visual Studio Solution File, Format Version 12.00
# Visual Studio Version 16
VisualStudioVersion = 16.0.810.8
MinimumVisualStudioVersion = 10.0.40219.1
Project("{FAE04EC0-301F-11D3-BF4B-00C04F79EFBC}") = "Entities", "Entities\Entities.csproj", "{BEEF8A9A-6B33-40DD-A3DC-8DE89EF89969}"
EndProject
Project("{FAE04EC0-301F-11D3-BF4B-00C04F79EFBC}") = "DataAccess", "DataAccess\DataAccess.csproj", "{3F7DB100-B6FF-45F0-B0F4-4A27BB34A866}"
EndProject
Project("{FAE04EC0-301F-11D3-BF4B-00C04F79EFBC}") = "Business", "Business\Business.csproj", "{119A9893-E232-4494-BB05-D7568F30472E}"
EndProject
Project("{FAE04EC0-301F-11D3-BF4B-00C04F79EFBC}") = "ConsoleUI", "ConsoleUI\ConsoleUI.csproj", "{29CF8943-F818-49D5-A53B-CE24B97905B1}"
EndProject
Project("{FAE04EC0-301F-11D3-BF4B-00C04F79EFBC}") = "Core", "Core\Core.csproj", "{AAD80DAC-70C4-4C75-B8DD-33FC9645706A}"
EndProject
Project("{FAE04EC0-301F-11D3-BF4B-00C04F79EFBC}") = "WebAPI", "WebAPI\WebAPI.csproj", "{EAFFDE2A-5AB4-4DE6-8AC9-4EDCE72367F0}"
EndProject
Global
	GlobalSection(SolutionConfigurationPlatforms) = preSolution
		Debug|Any CPU = Debug|Any CPU
		Release|Any CPU = Release|Any CPU
	EndGlobalSection
	GlobalSection(ProjectConfigurationPlatforms) = postSolution
		{BEEF8A9A-6B33-40DD-A3DC-8DE89EF89969}.Debug|Any CPU.ActiveCfg = Debug|Any CPU
		{BEEF8A9A-6B33-40DD-A3DC-8DE89EF89969}.Debug|Any CPU.Build.0 = Debug|Any CPU
		{BEEF8A9A-6B33-40DD-A3DC-8DE89EF89969}.Release|Any CPU.ActiveCfg = Release|Any CPU
		{BEEF8A9A-6B33-40DD-A3DC-8DE89EF89969}.Release|Any CPU.Build.0 = Release|Any CPU
		{3F7DB100-B6FF-45F0-B0F4-4A27BB34A866}.Debug|Any CPU.ActiveCfg = Debug|Any CPU
		{3F7DB100-B6FF-45F0-B0F4-4A27BB34A866}.Debug|Any CPU.Build.0 = Debug|Any CPU
		{3F7DB100-B6FF-45F0-B0F4-4A27BB34A866}.Release|Any CPU.ActiveCfg = Release|Any CPU
		{3F7DB100-B6FF-45F0-B0F4-4A27BB34A866}.Release|Any CPU.Build.0 = Release|Any CPU
		{119A9893-E232-4494-BB05-D7568F30472E}.Debug|Any CPU.ActiveCfg = Debug|Any CPU
		{119A9893-E232-4494-BB05-D7568F30472E}.Debug|Any CPU.Build.0 = Debug|Any CPU
		{119A9893-E232-4494-BB05-D7568F30472E}.Release|Any CPU.ActiveCfg = Release|Any CPU
		{119A9893-E232-4494-BB05-D7568F30472E}.Release|Any CPU.Build.0 = Release|Any CPU
		{29CF8943-F818-49D5-A53B-CE24B97905B1}.Debug|Any CPU.ActiveCfg = Debug|Any CPU
		{29CF8943-F818-49D5-A53B-CE24B97905B1}.Debug|Any CPU.Build.0 = Debug|Any CPU
		{29CF8943-F818-49D5-A53B-CE24B97905B1}.Release|Any CPU.ActiveCfg = Release|Any CPU
		{29CF8943-F818-49D5-A53B-CE24B97905B1}.Release|Any CPU.Build.0 = Release|Any CPU
		{AAD80DAC-70C4-4C75-B8DD-33FC9645706A}.Debug|Any CPU.ActiveCfg = Debug|Any CPU
		{AAD80DAC-70C4-4C75-B8DD-33FC9645706A}.Debug|Any CPU.Build.0 = Debug|Any CPU
		{AAD80DAC-70C4-4C75-B8DD-33FC9645706A}.Release|Any CPU.ActiveCfg = Release|Any CPU
		{AAD80DAC-70C4-4C75-B8DD-33FC9645706A}.Release|Any CPU.Build.0 = Release|Any CPU
		{EAFFDE2A-5AB4-4DE6-8AC9-4EDCE72367F0}.Debug|Any CPU.ActiveCfg = Debug|Any CPU
		{EAFFDE2A-5AB4-4DE6-8AC9-4EDCE72367F0}.Debug|Any CPU.Build.0 = Debug|Any CPU
		{EAFFDE2A-5AB4-4DE6-8AC9-4EDCE72367F0}.Release|Any CPU.ActiveCfg = Release|Any CPU
		{EAFFDE2A-5AB4-4DE6-8AC9-4EDCE72367F0}.Release|Any CPU.Build.0 = Release|Any CPU
	EndGlobalSection
	GlobalSection(SolutionProperties) = preSolution
		HideSolutionNode = FALSE
	EndGlobalSection
	GlobalSection(ExtensibilityGlobals) = postSolution
		SolutionGuid = {E118C01C-70F1-44AC-A407-4037888C47F1}
	EndGlobalSection
EndGlobal
